
Microsoft Visual Studio Solution File, Format Version 12.00
# Visual Studio Version 16
VisualStudioVersion = 16.0.30114.105
MinimumVisualStudioVersion = 10.0.40219.1
Project("{FAE04EC0-301F-11D3-BF4B-00C04F79EFBC}") = "ConsoleCalculator", "ConsoleCalculator\ConsoleCalculator.csproj", "{A44A6720-0FE2-43C0-89E2-C680B4219259}"
EndProject
Project("{FAE04EC0-301F-11D3-BF4B-00C04F79EFBC}") = "ConsleCalculator.Tests.MsTest", "ConsleCalculatir.Tests.MsTest\ConsleCalculator.Tests.MsTest.csproj", "{5A7275B2-0598-4780-A052-57C15B930B72}"
EndProject
Project("{FAE04EC0-301F-11D3-BF4B-00C04F79EFBC}") = "ConsoleCalculator.Tests.NUnit", "ConsoleCalculator.Tests.NUnit\ConsoleCalculator.Tests.NUnit.csproj", "{6BED144F-81D3-416E-8A71-9318A3683F45}"
EndProject
Project("{FAE04EC0-301F-11D3-BF4B-00C04F79EFBC}") = "ConsoleCalculator.Tests.XUnit", "ConsoleCalculator.Tests.XUnit\ConsoleCalculator.Tests.XUnit.csproj", "{39C35500-DFC3-4F55-85AE-8F21CFF86C87}"
EndProject
Global
	GlobalSection(SolutionConfigurationPlatforms) = preSolution
		Debug|Any CPU = Debug|Any CPU
		Release|Any CPU = Release|Any CPU
	EndGlobalSection
	GlobalSection(ProjectConfigurationPlatforms) = postSolution
		{A44A6720-0FE2-43C0-89E2-C680B4219259}.Debug|Any CPU.ActiveCfg = Debug|Any CPU
		{A44A6720-0FE2-43C0-89E2-C680B4219259}.Debug|Any CPU.Build.0 = Debug|Any CPU
		{A44A6720-0FE2-43C0-89E2-C680B4219259}.Release|Any CPU.ActiveCfg = Release|Any CPU
		{A44A6720-0FE2-43C0-89E2-C680B4219259}.Release|Any CPU.Build.0 = Release|Any CPU
		{5A7275B2-0598-4780-A052-57C15B930B72}.Debug|Any CPU.ActiveCfg = Debug|Any CPU
		{5A7275B2-0598-4780-A052-57C15B930B72}.Debug|Any CPU.Build.0 = Debug|Any CPU
		{5A7275B2-0598-4780-A052-57C15B930B72}.Release|Any CPU.ActiveCfg = Release|Any CPU
		{5A7275B2-0598-4780-A052-57C15B930B72}.Release|Any CPU.Build.0 = Release|Any CPU
		{6BED144F-81D3-416E-8A71-9318A3683F45}.Debug|Any CPU.ActiveCfg = Debug|Any CPU
		{6BED144F-81D3-416E-8A71-9318A3683F45}.Debug|Any CPU.Build.0 = Debug|Any CPU
		{6BED144F-81D3-416E-8A71-9318A3683F45}.Release|Any CPU.ActiveCfg = Release|Any CPU
		{6BED144F-81D3-416E-8A71-9318A3683F45}.Release|Any CPU.Build.0 = Release|Any CPU
		{39C35500-DFC3-4F55-85AE-8F21CFF86C87}.Debug|Any CPU.ActiveCfg = Debug|Any CPU
		{39C35500-DFC3-4F55-85AE-8F21CFF86C87}.Debug|Any CPU.Build.0 = Debug|Any CPU
		{39C35500-DFC3-4F55-85AE-8F21CFF86C87}.Release|Any CPU.ActiveCfg = Release|Any CPU
		{39C35500-DFC3-4F55-85AE-8F21CFF86C87}.Release|Any CPU.Build.0 = Release|Any CPU
	EndGlobalSection
	GlobalSection(SolutionProperties) = preSolution
		HideSolutionNode = FALSE
	EndGlobalSection
	GlobalSection(ExtensibilityGlobals) = postSolution
		SolutionGuid = {B40B0239-7C52-4814-8C90-7E0A72E31D06}
	EndGlobalSection
EndGlobal
